// !$*UTF8*$!
{
	archiveVersion = 1;
	classes = {
	};
	objectVersion = 46;
	objects = {

/* Begin PBXBuildFile section */
		420C9E5F1C4EBAD900162074 /* AppDelegate.swift in Sources */ = {isa = PBXBuildFile; fileRef = 420C9E5E1C4EBAD900162074 /* AppDelegate.swift */; };
		420C9E611C4EBAD900162074 /* ViewController.swift in Sources */ = {isa = PBXBuildFile; fileRef = 420C9E601C4EBAD900162074 /* ViewController.swift */; };
		420C9E641C4EBAD900162074 /* Main.storyboard in Resources */ = {isa = PBXBuildFile; fileRef = 420C9E621C4EBAD900162074 /* Main.storyboard */; };
		420C9E661C4EBAD900162074 /* Assets.xcassets in Resources */ = {isa = PBXBuildFile; fileRef = 420C9E651C4EBAD900162074 /* Assets.xcassets */; };
		420C9E691C4EBAD900162074 /* LaunchScreen.storyboard in Resources */ = {isa = PBXBuildFile; fileRef = 420C9E671C4EBAD900162074 /* LaunchScreen.storyboard */; };
		420C9E731C4EBB0800162074 /* MMPickerView.swift in Sources */ = {isa = PBXBuildFile; fileRef = 420C9E711C4EBB0800162074 /* MMPickerView.swift */; };
		420C9E741C4EBB0800162074 /* MMPickerView.xib in Resources */ = {isa = PBXBuildFile; fileRef = 420C9E721C4EBB0800162074 /* MMPickerView.xib */; };
/* End PBXBuildFile section */

/* Begin PBXFileReference section */
		420C9E5B1C4EBAD900162074 /* MMPickerViewExample.app */ = {isa = PBXFileReference; explicitFileType = wrapper.application; includeInIndex = 0; path = MMPickerViewExample.app; sourceTree = BUILT_PRODUCTS_DIR; };
		420C9E5E1C4EBAD900162074 /* AppDelegate.swift */ = {isa = PBXFileReference; lastKnownFileType = sourcecode.swift; path = AppDelegate.swift; sourceTree = "<group>"; };
		420C9E601C4EBAD900162074 /* ViewController.swift */ = {isa = PBXFileReference; lastKnownFileType = sourcecode.swift; path = ViewController.swift; sourceTree = "<group>"; };
		420C9E631C4EBAD900162074 /* Base */ = {isa = PBXFileReference; lastKnownFileType = file.storyboard; name = Base; path = Base.lproj/Main.storyboard; sourceTree = "<group>"; };
		420C9E651C4EBAD900162074 /* Assets.xcassets */ = {isa = PBXFileReference; lastKnownFileType = folder.assetcatalog; path = Assets.xcassets; sourceTree = "<group>"; };
		420C9E681C4EBAD900162074 /* Base */ = {isa = PBXFileReference; lastKnownFileType = file.storyboard; name = Base; path = Base.lproj/LaunchScreen.storyboard; sourceTree = "<group>"; };
		420C9E6A1C4EBAD900162074 /* Info.plist */ = {isa = PBXFileReference; lastKnownFileType = text.plist.xml; path = Info.plist; sourceTree = "<group>"; };
		420C9E711C4EBB0800162074 /* MMPickerView.swift */ = {isa = PBXFileReference; fileEncoding = 4; lastKnownFileType = sourcecode.swift; name = MMPickerView.swift; path = MMPIckerView/MMPickerView.swift; sourceTree = "<group>"; };
		420C9E721C4EBB0800162074 /* MMPickerView.xib */ = {isa = PBXFileReference; fileEncoding = 4; lastKnownFileType = file.xib; name = MMPickerView.xib; path = MMPIckerView/MMPickerView.xib; sourceTree = "<group>"; };
/* End PBXFileReference section */

/* Begin PBXFrameworksBuildPhase section */
		420C9E581C4EBAD900162074 /* Frameworks */ = {
			isa = PBXFrameworksBuildPhase;
			buildActionMask = 2147483647;
			files = (
			);
			runOnlyForDeploymentPostprocessing = 0;
		};
/* End PBXFrameworksBuildPhase section */

/* Begin PBXGroup section */
		420C9E521C4EBAD900162074 = {
			isa = PBXGroup;
			children = (
				420C9E5D1C4EBAD900162074 /* MMPickerViewExample */,
				420C9E5C1C4EBAD900162074 /* Products */,
			);
			sourceTree = "<group>";
		};
		420C9E5C1C4EBAD900162074 /* Products */ = {
			isa = PBXGroup;
			children = (
				420C9E5B1C4EBAD900162074 /* MMPickerViewExample.app */,
			);
			name = Products;
			sourceTree = "<group>";
		};
		420C9E5D1C4EBAD900162074 /* MMPickerViewExample */ = {
			isa = PBXGroup;
			children = (
				420C9E701C4EBAFD00162074 /* MMPIckerView */,
				420C9E5E1C4EBAD900162074 /* AppDelegate.swift */,
				420C9E601C4EBAD900162074 /* ViewController.swift */,
				420C9E621C4EBAD900162074 /* Main.storyboard */,
				420C9E651C4EBAD900162074 /* Assets.xcassets */,
				420C9E671C4EBAD900162074 /* LaunchScreen.storyboard */,
				420C9E6A1C4EBAD900162074 /* Info.plist */,
			);
			path = MMPickerViewExample;
			sourceTree = "<group>";
		};
		420C9E701C4EBAFD00162074 /* MMPIckerView */ = {
			isa = PBXGroup;
			children = (
				420C9E711C4EBB0800162074 /* MMPickerView.swift */,
				420C9E721C4EBB0800162074 /* MMPickerView.xib */,
			);
			name = MMPIckerView;
			sourceTree = "<group>";
		};
/* End PBXGroup section */

/* Begin PBXNativeTarget section */
		420C9E5A1C4EBAD900162074 /* MMPickerViewExample */ = {
			isa = PBXNativeTarget;
			buildConfigurationList = 420C9E6D1C4EBAD900162074 /* Build configuration list for PBXNativeTarget "MMPickerViewExample" */;
			buildPhases = (
				420C9E571C4EBAD900162074 /* Sources */,
				420C9E581C4EBAD900162074 /* Frameworks */,
				420C9E591C4EBAD900162074 /* Resources */,
			);
			buildRules = (
			);
			dependencies = (
			);
			name = MMPickerViewExample;
			productName = MMPickerViewExample;
			productReference = 420C9E5B1C4EBAD900162074 /* MMPickerViewExample.app */;
			productType = "com.apple.product-type.application";
		};
/* End PBXNativeTarget section */

/* Begin PBXProject section */
		420C9E531C4EBAD900162074 /* Project object */ = {
			isa = PBXProject;
			attributes = {
				LastSwiftUpdateCheck = 0720;
				LastUpgradeCheck = 0720;
				ORGANIZATIONNAME = Mohsin;
				TargetAttributes = {
					420C9E5A1C4EBAD900162074 = {
						CreatedOnToolsVersion = 7.2;
					};
				};
			};
			buildConfigurationList = 420C9E561C4EBAD900162074 /* Build configuration list for PBXProject "MMPickerViewExample" */;
			compatibilityVersion = "Xcode 3.2";
			developmentRegion = English;
			hasScannedForEncodings = 0;
			knownRegions = (
				en,
				Base,
			);
			mainGroup = 420C9E521C4EBAD900162074;
			productRefGroup = 420C9E5C1C4EBAD900162074 /* Products */;
			projectDirPath = "";
			projectRoot = "";
			targets = (
				420C9E5A1C4EBAD900162074 /* MMPickerViewExample */,
			);
		};
/* End PBXProject section */

/* Begin PBXResourcesBuildPhase section */
		420C9E591C4EBAD900162074 /* Resources */ = {
			isa = PBXResourcesBuildPhase;
			buildActionMask = 2147483647;
			files = (
				420C9E741C4EBB0800162074 /* MMPickerView.xib in Resources */,
				420C9E691C4EBAD900162074 /* LaunchScreen.storyboard in Resources */,
				420C9E661C4EBAD900162074 /* Assets.xcassets in Resources */,
				420C9E641C4EBAD900162074 /* Main.storyboard in Resources */,
			);
			runOnlyForDeploymentPostprocessing = 0;
		};
/* End PBXResourcesBuildPhase section */

/* Begin PBXSourcesBuildPhase section */
		420C9E571C4EBAD900162074 /* Sources */ = {
			isa = PBXSourcesBuildPhase;
			buildActionMask = 2147483647;
			files = (
				420C9E611C4EBAD900162074 /* ViewController.swift in Sources */,
				420C9E5F1C4EBAD900162074 /* AppDelegate.swift in Sources */,
				420C9E731C4EBB0800162074 /* MMPickerView.swift in Sources */,
			);
			runOnlyForDeploymentPostprocessing = 0;
		};
/* End PBXSourcesBuildPhase section */

/* Begin PBXVariantGroup section */
		420C9E621C4EBAD900162074 /* Main.storyboard */ = {
			isa = PBXVariantGroup;
			children = (
				420C9E631C4EBAD900162074 /* Base */,
			);
			name = Main.storyboard;
			sourceTree = "<group>";
		};
		420C9E671C4EBAD900162074 /* LaunchScreen.storyboard */ = {
			isa = PBXVariantGroup;
			children = (
				420C9E681C4EBAD900162074 /* Base */,
			);
			name = LaunchScreen.storyboard;
			sourceTree = "<group>";
		};
/* End PBXVariantGroup section */

/* Begin XCBuildConfiguration section */
		420C9E6B1C4EBAD900162074 /* Debug */ = {
			isa = XCBuildConfiguration;
			buildSettings = {
				ALWAYS_SEARCH_USER_PATHS = NO;
				CLANG_CXX_LANGUAGE_STANDARD = "gnu++0x";
				CLANG_CXX_LIBRARY = "libc++";
				CLANG_ENABLE_MODULES = YES;
				CLANG_ENABLE_OBJC_ARC = YES;
				CLANG_WARN_BOOL_CONVERSION = YES;
				CLANG_WARN_CONSTANT_CONVERSION = YES;
				CLANG_WARN_DIRECT_OBJC_ISA_USAGE = YES_ERROR;
				CLANG_WARN_EMPTY_BODY = YES;
				CLANG_WARN_ENUM_CONVERSION = YES;
				CLANG_WARN_INT_CONVERSION = YES;
				CLANG_WARN_OBJC_ROOT_CLASS = YES_ERROR;
				CLANG_WARN_UNREACHABLE_CODE = YES;
				CLANG_WARN__DUPLICATE_METHOD_MATCH = YES;
				"CODE_SIGN_IDENTITY[sdk=iphoneos*]" = "iPhone Developer";
				COPY_PHASE_STRIP = NO;
				DEBUG_INFORMATION_FORMAT = dwarf;
				ENABLE_STRICT_OBJC_MSGSEND = YES;
				ENABLE_TESTABILITY = YES;
				GCC_C_LANGUAGE_STANDARD = gnu99;
				GCC_DYNAMIC_NO_PIC = NO;
				GCC_NO_COMMON_BLOCKS = YES;
				GCC_OPTIMIZATION_LEVEL = 0;
				GCC_PREPROCESSOR_DEFINITIONS = (
					"DEBUG=1",
					"$(inherited)",
				);
				GCC_WARN_64_TO_32_BIT_CONVERSION = YES;
				GCC_WARN_ABOUT_RETURN_TYPE = YES_ERROR;
				GCC_WARN_UNDECLARED_SELECTOR = YES;
				GCC_WARN_UNINITIALIZED_AUTOS = YES_AGGRESSIVE;
				GCC_WARN_UNUSED_FUNCTION = YES;
				GCC_WARN_UNUSED_VARIABLE = YES;
				IPHONEOS_DEPLOYMENT_TARGET = 9.2;
				MTL_ENABLE_DEBUG_INFO = YES;
				ONLY_ACTIVE_ARCH = YES;
				SDKROOT = iphoneos;
				SWIFT_OPTIMIZATION_LEVEL = "-Onone";
			};
			name = Debug;
		};
		420C9E6C1C4EBAD900162074 /* Release */ = {
			isa = XCBuildConfiguration;
			buildSettings = {
				ALWAYS_SEARCH_USER_PATHS = NO;
				CLANG_CXX_LANGUAGE_STANDARD = "gnu++0x";
				CLANG_CXX_LIBRARY = "libc++";
				CLANG_ENABLE_MODULES = YES;
				CLANG_ENABLE_OBJC_ARC = YES;
				CLANG_WARN_BOOL_CONVERSION = YES;
				CLANG_WARN_CONSTANT_CONVERSION = YES;
				CLANG_WARN_DIRECT_OBJC_ISA_USAGE = YES_ERROR;
				CLANG_WARN_EMPTY_BODY = YES;
				CLANG_WARN_ENUM_CONVERSION = YES;
				CLANG_WARN_INT_CONVERSION = YES;
				CLANG_WARN_OBJC_ROOT_CLASS = YES_ERROR;
				CLANG_WARN_UNREACHABLE_CODE = YES;
				CLANG_WARN__DUPLICATE_METHOD_MATCH = YES;
				"CODE_SIGN_IDENTITY[sdk=iphoneos*]" = "iPhone Developer";
				COPY_PHASE_STRIP = NO;
				DEBUG_INFORMATION_FORMAT = "dwarf-with-dsym";
				ENABLE_NS_ASSERTIONS = NO;
				ENABLE_STRICT_OBJC_MSGSEND = YES;
				GCC_C_LANGUAGE_STANDARD = gnu99;
				GCC_NO_COMMON_BLOCKS = YES;
				GCC_WARN_64_TO_32_BIT_CONVERSION = YES;
				GCC_WARN_ABOUT_RETURN_TYPE = YES_ERROR;
				GCC_WARN_UNDECLARED_SELECTOR = YES;
				GCC_WARN_UNINITIALIZED_AUTOS = YES_AGGRESSIVE;
				GCC_WARN_UNUSED_FUNCTION = YES;
				GCC_WARN_UNUSED_VARIABLE = YES;
				IPHONEOS_DEPLOYMENT_TARGET = 9.2;
				MTL_ENABLE_DEBUG_INFO = NO;
				SDKROOT = iphoneos;
				VALIDATE_PRODUCT = YES;
			};
			name = Release;
		};
		420C9E6E1C4EBAD900162074 /* Debug */ = {
			isa = XCBuildConfiguration;
			buildSettings = {
				ASSETCATALOG_COMPILER_APPICON_NAME = AppIcon;
				INFOPLIST_FILE = MMPickerViewExample/Info.plist;
				LD_RUNPATH_SEARCH_PATHS = "$(inherited) @executable_path/Frameworks";
				PRODUCT_BUNDLE_IDENTIFIER = com.MMPickerViewExample;
				PRODUCT_NAME = "$(TARGET_NAME)";
			};
			name = Debug;
		};
		420C9E6F1C4EBAD900162074 /* Release */ = {
			isa = XCBuildConfiguration;
			buildSettings = {
				ASSETCATALOG_COMPILER_APPICON_NAME = AppIcon;
				INFOPLIST_FILE = MMPickerViewExample/Info.plist;
				LD_RUNPATH_SEARCH_PATHS = "$(inherited) @executable_path/Frameworks";
				PRODUCT_BUNDLE_IDENTIFIER = com.MMPickerViewExample;
				PRODUCT_NAME = "$(TARGET_NAME)";
			};
			name = Release;
		};
/* End XCBuildConfiguration section */

/* Begin XCConfigurationList section */
		420C9E561C4EBAD900162074 /* Build configuration list for PBXProject "MMPickerViewExample" */ = {
			isa = XCConfigurationList;
			buildConfigurations = (
				420C9E6B1C4EBAD900162074 /* Debug */,
				420C9E6C1C4EBAD900162074 /* Release */,
			);
			defaultConfigurationIsVisible = 0;
			defaultConfigurationName = Release;
		};
		420C9E6D1C4EBAD900162074 /* Build configuration list for PBXNativeTarget "MMPickerViewExample" */ = {
			isa = XCConfigurationList;
			buildConfigurations = (
				420C9E6E1C4EBAD900162074 /* Debug */,
				420C9E6F1C4EBAD900162074 /* Release */,
			);
			defaultConfigurationIsVisible = 0;
		};
/* End XCConfigurationList section */
	};
	rootObject = 420C9E531C4EBAD900162074 /* Project object */;
}
